Microsoft Visual Studio Solution File, Format Version 12.00
# Visual Studio 15
VisualStudioVersion = 15.0.27130.2020
MinimumVisualStudioVersion = 10.0.40219.1
Project("{F184B08F-C81C-45F6-A57F-5ABD9991F28F}") = "HeaderStyle", "HeaderStyle\HeaderStyle.vbproj", "{1F3A8FA6-B221-4F28-BF45-718C10122599}"
EndProject
Global
	GlobalSection(SolutionConfigurationPlatforms) = preSolution
		Debug|Any CPU = Debug|Any CPU
		Release|Any CPU = Release|Any CPU
	EndGlobalSection
	GlobalSection(ProjectConfigurationPlatforms) = postSolution
		{1F3A8FA6-B221-4F28-BF45-718C10122599}.Debug|Any CPU.ActiveCfg = Debug|Any CPU
		{1F3A8FA6-B221-4F28-BF45-718C10122599}.Debug|Any CPU.Build.0 = Debug|Any CPU
		{1F3A8FA6-B221-4F28-BF45-718C10122599}.Release|Any CPU.ActiveCfg = Release|Any CPU
		{1F3A8FA6-B221-4F28-BF45-718C10122599}.Release|Any CPU.Build.0 = Release|Any CPU
	EndGlobalSection
	GlobalSection(SolutionProperties) = preSolution
		HideSolutionNode = FALSE
	EndGlobalSection
	GlobalSection(ExtensibilityGlobals) = postSolution
		SolutionGuid = {D2FFEBE4-AB1A-4214-805A-8B1872DAA2E6}
	EndGlobalSection
EndGlobal
